
Microsoft Visual Studio Solution File, Format Version 12.00
# Visual Studio Version 16
VisualStudioVersion = 16.0.29215.179
MinimumVisualStudioVersion = 10.0.40219.1
Project("{FAE04EC0-301F-11D3-BF4B-00C04F79EFBC}") = "GesTienda", "GesTienda\GesTienda.csproj", "{36B84E66-14A9-4E33-879D-6EEFC228CD74}"
EndProject
Global
	GlobalSection(SolutionConfigurationPlatforms) = preSolution
		Debug|Any CPU = Debug|Any CPU
		Release|Any CPU = Release|Any CPU
	EndGlobalSection
	GlobalSection(ProjectConfigurationPlatforms) = postSolution
		{36B84E66-14A9-4E33-879D-6EEFC228CD74}.Debug|Any CPU.ActiveCfg = Debug|Any CPU
		{36B84E66-14A9-4E33-879D-6EEFC228CD74}.Debug|Any CPU.Build.0 = Debug|Any CPU
		{36B84E66-14A9-4E33-879D-6EEFC228CD74}.Release|Any CPU.ActiveCfg = Release|Any CPU
		{36B84E66-14A9-4E33-879D-6EEFC228CD74}.Release|Any CPU.Build.0 = Release|Any CPU
	EndGlobalSection
	GlobalSection(SolutionProperties) = preSolution
		HideSolutionNode = FALSE
	EndGlobalSection
	GlobalSection(ExtensibilityGlobals) = postSolution
		SolutionGuid = {9262AD94-9027-455E-BFE8-F0D90D905261}
	EndGlobalSection
EndGlobal
